
Microsoft Visual Studio Solution File, Format Version 12.00
# Visual Studio Version 17
VisualStudioVersion = 17.6.33723.286
MinimumVisualStudioVersion = 10.0.40219.1
Project("{FAE04EC0-301F-11D3-BF4B-00C04F79EFBC}") = "Dapper Exercise", "Dapper Exercise\Dapper Exercise.csproj", "{1C61D183-4866-40A9-9C3D-1E13E366A6DD}"
EndProject
Global
	GlobalSection(SolutionConfigurationPlatforms) = preSolution
		Debug|Any CPU = Debug|Any CPU
		Release|Any CPU = Release|Any CPU
	EndGlobalSection
	GlobalSection(ProjectConfigurationPlatforms) = postSolution
		{1C61D183-4866-40A9-9C3D-1E13E366A6DD}.Debug|Any CPU.ActiveCfg = Debug|Any CPU
		{1C61D183-4866-40A9-9C3D-1E13E366A6DD}.Debug|Any CPU.Build.0 = Debug|Any CPU
		{1C61D183-4866-40A9-9C3D-1E13E366A6DD}.Release|Any CPU.ActiveCfg = Release|Any CPU
		{1C61D183-4866-40A9-9C3D-1E13E366A6DD}.Release|Any CPU.Build.0 = Release|Any CPU
	EndGlobalSection
	GlobalSection(SolutionProperties) = preSolution
		HideSolutionNode = FALSE
	EndGlobalSection
	GlobalSection(ExtensibilityGlobals) = postSolution
		SolutionGuid = {601CA307-3A13-4362-8E06-CFBE1C48164E}
	EndGlobalSection
EndGlobal
